
Microsoft Visual Studio Solution File, Format Version 12.00
# Visual Studio 15
VisualStudioVersion = 15.0.27703.2018
MinimumVisualStudioVersion = 10.0.40219.1
Project("{9A19103F-16F7-4668-BE54-9A1E7A4F7556}") = "OcodyAutoRiceMill", "OcodyAutoRiceMill\OcodyAutoRiceMill.csproj", "{4FBA3D7A-2AE1-45F1-92C1-E46A185245F7}"
EndProject
Project("{9A19103F-16F7-4668-BE54-9A1E7A4F7556}") = "OcodyAutoRiceMill.Api.Common", "OcodyAutoRiceMill.Api.Common\OcodyAutoRiceMill.Api.Common.csproj", "{A84D43C3-1C1E-4369-9D14-7CFDA697697E}"
EndProject
Project("{9A19103F-16F7-4668-BE54-9A1E7A4F7556}") = "OcodyAutoRiceMill.Data.Access", "OcodyAutoRiceMill.Data.Access\OcodyAutoRiceMill.Data.Access.csproj", "{EB66792F-A790-42B9-95A7-7A11EAB97469}"
EndProject
Project("{9A19103F-16F7-4668-BE54-9A1E7A4F7556}") = "OcodyAutoRiceMill.Queries", "OcodyAutoRiceMill.Queries\OcodyAutoRiceMill.Queries.csproj", "{978770BF-50A4-46A9-AFB7-1A7C0F47A81A}"
EndProject
Project("{9A19103F-16F7-4668-BE54-9A1E7A4F7556}") = "OcodyAutoRiceMill.Security", "OcodyAutoRiceMill.Security\OcodyAutoRiceMill.Security.csproj", "{F5EB987F-CE58-4DDA-9EB3-9214442D5316}"
EndProject
Project("{9A19103F-16F7-4668-BE54-9A1E7A4F7556}") = "OcodyAutoRiceMill.Data.Model", "OcodyAutoRiceMill.Data.Model\OcodyAutoRiceMill.Data.Model.csproj", "{8BC687E7-180F-42EB-8123-01EE30FE6BBF}"
EndProject
Project("{9A19103F-16F7-4668-BE54-9A1E7A4F7556}") = "OcodyAutoRiceMill.Api.Models", "OcodyAutoRiceMill.Api.Models\OcodyAutoRiceMill.Api.Models.csproj", "{1BA18201-6FC0-480C-8594-2A8F52310BD5}"
EndProject
Project("{2150E333-8FDC-42A3-9474-1A3956D46DE8}") = "docs", "docs", "{27D040EC-7B59-4AE6-BE2C-3F746D6450B2}"
EndProject
Project("{2150E333-8FDC-42A3-9474-1A3956D46DE8}") = "sql", "sql", "{AE37A32B-09B7-4A4E-B04F-19DF13DD505C}"
EndProject
Project("{2150E333-8FDC-42A3-9474-1A3956D46DE8}") = "src", "src", "{62EF8463-CB2D-45D3-ABC5-4078E2A4C670}"
EndProject
Project("{2150E333-8FDC-42A3-9474-1A3956D46DE8}") = "tests", "tests", "{71BE2C77-2A9B-4D4F-992A-8646C0241CEE}"
EndProject
Project("{2150E333-8FDC-42A3-9474-1A3956D46DE8}") = "0 - Core", "0 - Core", "{678DE85F-BFAF-4DC2-B243-4B5CF1459252}"
EndProject
Project("{2150E333-8FDC-42A3-9474-1A3956D46DE8}") = "1 - Presentation", "1 - Presentation", "{6F7160FA-7E23-4337-9DF6-B0D81628ED81}"
EndProject
Project("{2150E333-8FDC-42A3-9474-1A3956D46DE8}") = "2 - Services", "2 - Services", "{A5A0C96C-280A-49A5-8B97-3A6F6CBEE91B}"
EndProject
Project("{2150E333-8FDC-42A3-9474-1A3956D46DE8}") = "3 - Application", "3 - Application", "{EC01C2E6-5B07-465A-B8EE-07B3087AA83D}"
EndProject
Project("{2150E333-8FDC-42A3-9474-1A3956D46DE8}") = "4 - Domain", "4 - Domain", "{E39D6D93-E3AA-46DA-B0F8-C2AB96E9BF62}"
EndProject
Project("{2150E333-8FDC-42A3-9474-1A3956D46DE8}") = "5 - Infra", "5 - Infra", "{1BB82461-2C6B-4A5C-8738-85C4F46C6E88}"
EndProject
Project("{2150E333-8FDC-42A3-9474-1A3956D46DE8}") = "5.1 - Data", "5.1 - Data", "{2A675338-9A46-4227-82E8-0A8F35164B23}"
EndProject
Project("{2150E333-8FDC-42A3-9474-1A3956D46DE8}") = "5.2 - CrossCutting", "5.2 - CrossCutting", "{B8669AA5-0320-43BB-B9D5-301461D5C4D7}"
EndProject
Global
	GlobalSection(SolutionConfigurationPlatforms) = preSolution
		Debug|Any CPU = Debug|Any CPU
		Release|Any CPU = Release|Any CPU
	EndGlobalSection
	GlobalSection(ProjectConfigurationPlatforms) = postSolution
		{4FBA3D7A-2AE1-45F1-92C1-E46A185245F7}.Debug|Any CPU.ActiveCfg = Debug|Any CPU
		{4FBA3D7A-2AE1-45F1-92C1-E46A185245F7}.Debug|Any CPU.Build.0 = Debug|Any CPU
		{4FBA3D7A-2AE1-45F1-92C1-E46A185245F7}.Release|Any CPU.ActiveCfg = Release|Any CPU
		{4FBA3D7A-2AE1-45F1-92C1-E46A185245F7}.Release|Any CPU.Build.0 = Release|Any CPU
		{A84D43C3-1C1E-4369-9D14-7CFDA697697E}.Debug|Any CPU.ActiveCfg = Debug|Any CPU
		{A84D43C3-1C1E-4369-9D14-7CFDA697697E}.Debug|Any CPU.Build.0 = Debug|Any CPU
		{A84D43C3-1C1E-4369-9D14-7CFDA697697E}.Release|Any CPU.ActiveCfg = Release|Any CPU
		{A84D43C3-1C1E-4369-9D14-7CFDA697697E}.Release|Any CPU.Build.0 = Release|Any CPU
		{EB66792F-A790-42B9-95A7-7A11EAB97469}.Debug|Any CPU.ActiveCfg = Debug|Any CPU
		{EB66792F-A790-42B9-95A7-7A11EAB97469}.Debug|Any CPU.Build.0 = Debug|Any CPU
		{EB66792F-A790-42B9-95A7-7A11EAB97469}.Release|Any CPU.ActiveCfg = Release|Any CPU
		{EB66792F-A790-42B9-95A7-7A11EAB97469}.Release|Any CPU.Build.0 = Release|Any CPU
		{978770BF-50A4-46A9-AFB7-1A7C0F47A81A}.Debug|Any CPU.ActiveCfg = Debug|Any CPU
		{978770BF-50A4-46A9-AFB7-1A7C0F47A81A}.Debug|Any CPU.Build.0 = Debug|Any CPU
		{978770BF-50A4-46A9-AFB7-1A7C0F47A81A}.Release|Any CPU.ActiveCfg = Release|Any CPU
		{978770BF-50A4-46A9-AFB7-1A7C0F47A81A}.Release|Any CPU.Build.0 = Release|Any CPU
		{F5EB987F-CE58-4DDA-9EB3-9214442D5316}.Debug|Any CPU.ActiveCfg = Debug|Any CPU
		{F5EB987F-CE58-4DDA-9EB3-9214442D5316}.Debug|Any CPU.Build.0 = Debug|Any CPU
		{F5EB987F-CE58-4DDA-9EB3-9214442D5316}.Release|Any CPU.ActiveCfg = Release|Any CPU
		{F5EB987F-CE58-4DDA-9EB3-9214442D5316}.Release|Any CPU.Build.0 = Release|Any CPU
		{8BC687E7-180F-42EB-8123-01EE30FE6BBF}.Debug|Any CPU.ActiveCfg = Debug|Any CPU
		{8BC687E7-180F-42EB-8123-01EE30FE6BBF}.Debug|Any CPU.Build.0 = Debug|Any CPU
		{8BC687E7-180F-42EB-8123-01EE30FE6BBF}.Release|Any CPU.ActiveCfg = Release|Any CPU
		{8BC687E7-180F-42EB-8123-01EE30FE6BBF}.Release|Any CPU.Build.0 = Release|Any CPU
		{1BA18201-6FC0-480C-8594-2A8F52310BD5}.Debug|Any CPU.ActiveCfg = Debug|Any CPU
		{1BA18201-6FC0-480C-8594-2A8F52310BD5}.Debug|Any CPU.Build.0 = Debug|Any CPU
		{1BA18201-6FC0-480C-8594-2A8F52310BD5}.Release|Any CPU.ActiveCfg = Release|Any CPU
		{1BA18201-6FC0-480C-8594-2A8F52310BD5}.Release|Any CPU.Build.0 = Release|Any CPU
	EndGlobalSection
	GlobalSection(SolutionProperties) = preSolution
		HideSolutionNode = FALSE
	EndGlobalSection
	GlobalSection(NestedProjects) = preSolution
		{4FBA3D7A-2AE1-45F1-92C1-E46A185245F7} = {6F7160FA-7E23-4337-9DF6-B0D81628ED81}
		{A84D43C3-1C1E-4369-9D14-7CFDA697697E} = {678DE85F-BFAF-4DC2-B243-4B5CF1459252}
		{EB66792F-A790-42B9-95A7-7A11EAB97469} = {2A675338-9A46-4227-82E8-0A8F35164B23}
		{978770BF-50A4-46A9-AFB7-1A7C0F47A81A} = {2A675338-9A46-4227-82E8-0A8F35164B23}
		{F5EB987F-CE58-4DDA-9EB3-9214442D5316} = {B8669AA5-0320-43BB-B9D5-301461D5C4D7}
		{8BC687E7-180F-42EB-8123-01EE30FE6BBF} = {E39D6D93-E3AA-46DA-B0F8-C2AB96E9BF62}
		{1BA18201-6FC0-480C-8594-2A8F52310BD5} = {E39D6D93-E3AA-46DA-B0F8-C2AB96E9BF62}
		{678DE85F-BFAF-4DC2-B243-4B5CF1459252} = {62EF8463-CB2D-45D3-ABC5-4078E2A4C670}
		{6F7160FA-7E23-4337-9DF6-B0D81628ED81} = {62EF8463-CB2D-45D3-ABC5-4078E2A4C670}
		{A5A0C96C-280A-49A5-8B97-3A6F6CBEE91B} = {62EF8463-CB2D-45D3-ABC5-4078E2A4C670}
		{EC01C2E6-5B07-465A-B8EE-07B3087AA83D} = {62EF8463-CB2D-45D3-ABC5-4078E2A4C670}
		{E39D6D93-E3AA-46DA-B0F8-C2AB96E9BF62} = {62EF8463-CB2D-45D3-ABC5-4078E2A4C670}
		{1BB82461-2C6B-4A5C-8738-85C4F46C6E88} = {62EF8463-CB2D-45D3-ABC5-4078E2A4C670}
		{2A675338-9A46-4227-82E8-0A8F35164B23} = {1BB82461-2C6B-4A5C-8738-85C4F46C6E88}
		{B8669AA5-0320-43BB-B9D5-301461D5C4D7} = {1BB82461-2C6B-4A5C-8738-85C4F46C6E88}
	EndGlobalSection
	GlobalSection(ExtensibilityGlobals) = postSolution
		SolutionGuid = {C52C9C7B-9DC2-48F6-842F-182BE0E8BCEB}
	EndGlobalSection
EndGlobal
